
Microsoft Visual Studio Solution File, Format Version 12.00
# Visual Studio Version 17
VisualStudioVersion = 17.1.32210.238
MinimumVisualStudioVersion = 10.0.40219.1
Project("{888888A0-9F3D-457C-B088-3A5042F75D52}") = "PythonApplication52", "PythonApplication52\PythonApplication52.pyproj", "{698C4C72-7BF8-42AD-97DE-C36C68507F90}"
EndProject
Global
	GlobalSection(SolutionConfigurationPlatforms) = preSolution
		Debug|Any CPU = Debug|Any CPU
		Release|Any CPU = Release|Any CPU
	EndGlobalSection
	GlobalSection(ProjectConfigurationPlatforms) = postSolution
		{698C4C72-7BF8-42AD-97DE-C36C68507F90}.Debug|Any CPU.ActiveCfg = Debug|Any CPU
		{698C4C72-7BF8-42AD-97DE-C36C68507F90}.Release|Any CPU.ActiveCfg = Release|Any CPU
	EndGlobalSection
	GlobalSection(SolutionProperties) = preSolution
		HideSolutionNode = FALSE
	EndGlobalSection
	GlobalSection(ExtensibilityGlobals) = postSolution
		SolutionGuid = {B1A91828-E952-42D3-9E3C-82E9B911D73F}
	EndGlobalSection
EndGlobal
