
Microsoft Visual Studio Solution File, Format Version 12.00
# Visual Studio Version 17
VisualStudioVersion = 17.1.32210.238
MinimumVisualStudioVersion = 10.0.40219.1
Project("{888888A0-9F3D-457C-B088-3A5042F75D52}") = "PythonApplication40", "PythonApplication40\PythonApplication40.pyproj", "{EFC453AB-9149-448A-A88C-013AD97B8557}"
EndProject
Global
	GlobalSection(SolutionConfigurationPlatforms) = preSolution
		Debug|Any CPU = Debug|Any CPU
		Release|Any CPU = Release|Any CPU
	EndGlobalSection
	GlobalSection(ProjectConfigurationPlatforms) = postSolution
		{EFC453AB-9149-448A-A88C-013AD97B8557}.Debug|Any CPU.ActiveCfg = Debug|Any CPU
		{EFC453AB-9149-448A-A88C-013AD97B8557}.Release|Any CPU.ActiveCfg = Release|Any CPU
	EndGlobalSection
	GlobalSection(SolutionProperties) = preSolution
		HideSolutionNode = FALSE
	EndGlobalSection
	GlobalSection(ExtensibilityGlobals) = postSolution
		SolutionGuid = {442C2A16-642E-4276-8BE5-1505CB3B74B9}
	EndGlobalSection
EndGlobal
