
Microsoft Visual Studio Solution File, Format Version 12.00
# Visual Studio Version 17
VisualStudioVersion = 17.0.32126.317
MinimumVisualStudioVersion = 10.0.40219.1
Project("{888888A0-9F3D-457C-B088-3A5042F75D52}") = "PythonApplication16", "PythonApplication16\PythonApplication16.pyproj", "{567F56CA-BD1C-46ED-9658-304B1B2A2BC3}"
EndProject
Global
	GlobalSection(SolutionConfigurationPlatforms) = preSolution
		Debug|Any CPU = Debug|Any CPU
		Release|Any CPU = Release|Any CPU
	EndGlobalSection
	GlobalSection(ProjectConfigurationPlatforms) = postSolution
		{567F56CA-BD1C-46ED-9658-304B1B2A2BC3}.Debug|Any CPU.ActiveCfg = Debug|Any CPU
		{567F56CA-BD1C-46ED-9658-304B1B2A2BC3}.Release|Any CPU.ActiveCfg = Release|Any CPU
	EndGlobalSection
	GlobalSection(SolutionProperties) = preSolution
		HideSolutionNode = FALSE
	EndGlobalSection
	GlobalSection(ExtensibilityGlobals) = postSolution
		SolutionGuid = {058D21D7-1DE4-4177-ABD6-3D653961C9BB}
	EndGlobalSection
EndGlobal
