
Microsoft Visual Studio Solution File, Format Version 12.00
# Visual Studio Version 17
VisualStudioVersion = 17.0.32126.317
MinimumVisualStudioVersion = 10.0.40219.1
Project("{888888A0-9F3D-457C-B088-3A5042F75D52}") = "PythonApplication30", "PythonApplication30\PythonApplication30.pyproj", "{4D023E9B-1553-4E25-9B99-B58BE764D032}"
EndProject
Global
	GlobalSection(SolutionConfigurationPlatforms) = preSolution
		Debug|Any CPU = Debug|Any CPU
		Release|Any CPU = Release|Any CPU
	EndGlobalSection
	GlobalSection(ProjectConfigurationPlatforms) = postSolution
		{4D023E9B-1553-4E25-9B99-B58BE764D032}.Debug|Any CPU.ActiveCfg = Debug|Any CPU
		{4D023E9B-1553-4E25-9B99-B58BE764D032}.Release|Any CPU.ActiveCfg = Release|Any CPU
	EndGlobalSection
	GlobalSection(SolutionProperties) = preSolution
		HideSolutionNode = FALSE
	EndGlobalSection
	GlobalSection(ExtensibilityGlobals) = postSolution
		SolutionGuid = {6A149E00-C833-479C-A64A-B2071511E9B7}
	EndGlobalSection
EndGlobal
