
Microsoft Visual Studio Solution File, Format Version 12.00
# Visual Studio Version 17
VisualStudioVersion = 17.1.32210.238
MinimumVisualStudioVersion = 10.0.40219.1
Project("{888888A0-9F3D-457C-B088-3A5042F75D52}") = "PythonApplication47", "PythonApplication47\PythonApplication47.pyproj", "{9F3FABCC-B66F-4EB2-BEE7-B45D5468A95F}"
EndProject
Global
	GlobalSection(SolutionConfigurationPlatforms) = preSolution
		Debug|Any CPU = Debug|Any CPU
		Release|Any CPU = Release|Any CPU
	EndGlobalSection
	GlobalSection(ProjectConfigurationPlatforms) = postSolution
		{9F3FABCC-B66F-4EB2-BEE7-B45D5468A95F}.Debug|Any CPU.ActiveCfg = Debug|Any CPU
		{9F3FABCC-B66F-4EB2-BEE7-B45D5468A95F}.Release|Any CPU.ActiveCfg = Release|Any CPU
	EndGlobalSection
	GlobalSection(SolutionProperties) = preSolution
		HideSolutionNode = FALSE
	EndGlobalSection
	GlobalSection(ExtensibilityGlobals) = postSolution
		SolutionGuid = {A260823B-6C64-465C-B8ED-F224AF569A53}
	EndGlobalSection
EndGlobal
