
Microsoft Visual Studio Solution File, Format Version 12.00
# Visual Studio Version 17
VisualStudioVersion = 17.0.32126.317
MinimumVisualStudioVersion = 10.0.40219.1
Project("{888888A0-9F3D-457C-B088-3A5042F75D52}") = "PythonApplication18", "PythonApplication18\PythonApplication18.pyproj", "{136254C4-F843-4D83-A061-7E8075FF6B1B}"
EndProject
Global
	GlobalSection(SolutionConfigurationPlatforms) = preSolution
		Debug|Any CPU = Debug|Any CPU
		Release|Any CPU = Release|Any CPU
	EndGlobalSection
	GlobalSection(ProjectConfigurationPlatforms) = postSolution
		{136254C4-F843-4D83-A061-7E8075FF6B1B}.Debug|Any CPU.ActiveCfg = Debug|Any CPU
		{136254C4-F843-4D83-A061-7E8075FF6B1B}.Release|Any CPU.ActiveCfg = Release|Any CPU
	EndGlobalSection
	GlobalSection(SolutionProperties) = preSolution
		HideSolutionNode = FALSE
	EndGlobalSection
	GlobalSection(ExtensibilityGlobals) = postSolution
		SolutionGuid = {BF6DCA84-C695-45D5-9110-48DBA14E6D7C}
	EndGlobalSection
EndGlobal
